
Microsoft Visual Studio Solution File, Format Version 12.00
# Visual Studio Version 17
VisualStudioVersion = 17.7.34009.444
MinimumVisualStudioVersion = 10.0.40219.1
Project("{FAE04EC0-301F-11D3-BF4B-00C04F79EFBC}") = "bai1_cb", "bai1_cb\bai1_cb.csproj", "{0EB54C36-B342-4259-8970-4C0D696ACC2B}"
EndProject
Global
	GlobalSection(SolutionConfigurationPlatforms) = preSolution
		Debug|Any CPU = Debug|Any CPU
		Release|Any CPU = Release|Any CPU
	EndGlobalSection
	GlobalSection(ProjectConfigurationPlatforms) = postSolution
		{0EB54C36-B342-4259-8970-4C0D696ACC2B}.Debug|Any CPU.ActiveCfg = Debug|Any CPU
		{0EB54C36-B342-4259-8970-4C0D696ACC2B}.Debug|Any CPU.Build.0 = Debug|Any CPU
		{0EB54C36-B342-4259-8970-4C0D696ACC2B}.Release|Any CPU.ActiveCfg = Release|Any CPU
		{0EB54C36-B342-4259-8970-4C0D696ACC2B}.Release|Any CPU.Build.0 = Release|Any CPU
	EndGlobalSection
	GlobalSection(SolutionProperties) = preSolution
		HideSolutionNode = FALSE
	EndGlobalSection
	GlobalSection(ExtensibilityGlobals) = postSolution
		SolutionGuid = {6E10FFDE-DE76-4F75-AC39-B7BC2F180FA0}
	EndGlobalSection
EndGlobal
