
Microsoft Visual Studio Solution File, Format Version 12.00
# Visual Studio Version 17
VisualStudioVersion = 17.7.34009.444
MinimumVisualStudioVersion = 10.0.40219.1
Project("{FAE04EC0-301F-11D3-BF4B-00C04F79EFBC}") = "bai4_3.2", "bai4_3.2\bai4_3.2.csproj", "{35721CCA-0D84-4B20-8D39-856C6DB9A4D4}"
EndProject
Global
	GlobalSection(SolutionConfigurationPlatforms) = preSolution
		Debug|Any CPU = Debug|Any CPU
		Release|Any CPU = Release|Any CPU
	EndGlobalSection
	GlobalSection(ProjectConfigurationPlatforms) = postSolution
		{35721CCA-0D84-4B20-8D39-856C6DB9A4D4}.Debug|Any CPU.ActiveCfg = Debug|Any CPU
		{35721CCA-0D84-4B20-8D39-856C6DB9A4D4}.Debug|Any CPU.Build.0 = Debug|Any CPU
		{35721CCA-0D84-4B20-8D39-856C6DB9A4D4}.Release|Any CPU.ActiveCfg = Release|Any CPU
		{35721CCA-0D84-4B20-8D39-856C6DB9A4D4}.Release|Any CPU.Build.0 = Release|Any CPU
	EndGlobalSection
	GlobalSection(SolutionProperties) = preSolution
		HideSolutionNode = FALSE
	EndGlobalSection
	GlobalSection(ExtensibilityGlobals) = postSolution
		SolutionGuid = {CF70C533-9765-47ED-A3E0-B0D3632B3D32}
	EndGlobalSection
EndGlobal
